
Microsoft Visual Studio Solution File, Format Version 12.00
# Visual Studio Version 16
VisualStudioVersion = 16.0.31402.337
MinimumVisualStudioVersion = 10.0.40219.1
Project("{FAE04EC0-301F-11D3-BF4B-00C04F79EFBC}") = "ConsoleApp1", "ConsoleApp1\ConsoleApp1.csproj", "{F9411B18-BC72-4EED-86AA-39FD444678A8}"
EndProject
Global
	GlobalSection(SolutionConfigurationPlatforms) = preSolution
		Debug|Any CPU = Debug|Any CPU
		Release|Any CPU = Release|Any CPU
	EndGlobalSection
	GlobalSection(ProjectConfigurationPlatforms) = postSolution
		{F9411B18-BC72-4EED-86AA-39FD444678A8}.Debug|Any CPU.ActiveCfg = Debug|Any CPU
		{F9411B18-BC72-4EED-86AA-39FD444678A8}.Debug|Any CPU.Build.0 = Debug|Any CPU
		{F9411B18-BC72-4EED-86AA-39FD444678A8}.Release|Any CPU.ActiveCfg = Release|Any CPU
		{F9411B18-BC72-4EED-86AA-39FD444678A8}.Release|Any CPU.Build.0 = Release|Any CPU
	EndGlobalSection
	GlobalSection(SolutionProperties) = preSolution
		HideSolutionNode = FALSE
	EndGlobalSection
	GlobalSection(ExtensibilityGlobals) = postSolution
		SolutionGuid = {8A2A1951-8670-46B6-9966-E4E220B64832}
	EndGlobalSection
EndGlobal
