
Microsoft Visual Studio Solution File, Format Version 12.00
# Visual Studio Version 16
VisualStudioVersion = 16.0.31313.79
MinimumVisualStudioVersion = 10.0.40219.1
Project("{FAE04EC0-301F-11D3-BF4B-00C04F79EFBC}") = "WpfApp1", "WpfApp1\WpfApp1.csproj", "{D3ACE91A-F706-4619-80CF-99B14CD30F57}"
EndProject
Global
	GlobalSection(SolutionConfigurationPlatforms) = preSolution
		Debug|Any CPU = Debug|Any CPU
		Release|Any CPU = Release|Any CPU
	EndGlobalSection
	GlobalSection(ProjectConfigurationPlatforms) = postSolution
		{D3ACE91A-F706-4619-80CF-99B14CD30F57}.Debug|Any CPU.ActiveCfg = Debug|Any CPU
		{D3ACE91A-F706-4619-80CF-99B14CD30F57}.Debug|Any CPU.Build.0 = Debug|Any CPU
		{D3ACE91A-F706-4619-80CF-99B14CD30F57}.Release|Any CPU.ActiveCfg = Release|Any CPU
		{D3ACE91A-F706-4619-80CF-99B14CD30F57}.Release|Any CPU.Build.0 = Release|Any CPU
	EndGlobalSection
	GlobalSection(SolutionProperties) = preSolution
		HideSolutionNode = FALSE
	EndGlobalSection
	GlobalSection(ExtensibilityGlobals) = postSolution
		SolutionGuid = {E07E0428-936C-40C2-87C2-3A3EA8113C9D}
	EndGlobalSection
EndGlobal
